
Microsoft Visual Studio Solution File, Format Version 12.00
# Visual Studio 15
VisualStudioVersion = 15.0.27703.2035
MinimumVisualStudioVersion = 10.0.40219.1
Project("{FAE04EC0-301F-11D3-BF4B-00C04F79EFBC}") = "prsAngularattempt", "prsAngularattempt\prsAngularattempt.csproj", "{1C0DC268-C5B0-4FE4-9BA7-F5FCC959CCAA}"
EndProject
Global
	GlobalSection(SolutionConfigurationPlatforms) = preSolution
		Debug|Any CPU = Debug|Any CPU
		Release|Any CPU = Release|Any CPU
	EndGlobalSection
	GlobalSection(ProjectConfigurationPlatforms) = postSolution
		{1C0DC268-C5B0-4FE4-9BA7-F5FCC959CCAA}.Debug|Any CPU.ActiveCfg = Debug|Any CPU
		{1C0DC268-C5B0-4FE4-9BA7-F5FCC959CCAA}.Debug|Any CPU.Build.0 = Debug|Any CPU
		{1C0DC268-C5B0-4FE4-9BA7-F5FCC959CCAA}.Release|Any CPU.ActiveCfg = Release|Any CPU
		{1C0DC268-C5B0-4FE4-9BA7-F5FCC959CCAA}.Release|Any CPU.Build.0 = Release|Any CPU
	EndGlobalSection
	GlobalSection(SolutionProperties) = preSolution
		HideSolutionNode = FALSE
	EndGlobalSection
	GlobalSection(ExtensibilityGlobals) = postSolution
		SolutionGuid = {DCADB540-3CA0-444E-91EE-862312F2A18B}
	EndGlobalSection
EndGlobal
